
Microsoft Visual Studio Solution File, Format Version 12.00
# Visual Studio Version 16
VisualStudioVersion = 16.0.808.0
MinimumVisualStudioVersion = 10.0.40219.1
Project("{2150E333-8FDC-42A3-9474-1A3956D46DE8}") = "source", "source", "{13B9C6C5-8037-422D-BF76-4080DF067731}"
EndProject
Project("{2150E333-8FDC-42A3-9474-1A3956D46DE8}") = "sample", "sample", "{625F73F4-3152-43EF-9328-C5D641230FF0}"
EndProject
Project("{2150E333-8FDC-42A3-9474-1A3956D46DE8}") = "Entap.Basic.Core", "Entap.Basic.Core", "{D5CCB142-5A1C-432E-B807-33DE26AD08A6}"
EndProject
Project("{FAE04EC0-301F-11D3-BF4B-00C04F79EFBC}") = "Entap.Basic.Core", "Source\Entap.Basic.Core\Entap.Basic.Core\Entap.Basic.Core.csproj", "{C7D33057-ED52-4168-A347-BCC7D5785A44}"
EndProject
Project("{2150E333-8FDC-42A3-9474-1A3956D46DE8}") = "Entap.Basic.Forms", "Entap.Basic.Forms", "{9D500FA3-27AA-413F-B59E-E4053A51DB1E}"
EndProject
Project("{FAE04EC0-301F-11D3-BF4B-00C04F79EFBC}") = "Entap.Basic.Forms", "Source\Entap.Basic.Forms\Entap.Basic.Forms\Entap.Basic.Forms.csproj", "{E2028777-8C1B-489E-9EFD-477CD3082EA7}"
EndProject
Project("{FAE04EC0-301F-11D3-BF4B-00C04F79EFBC}") = "Entap.Basic.Forms.iOS", "Source\Entap.Basic.Forms\Entap.Basic.Forms.iOS\Entap.Basic.Forms.iOS.csproj", "{429CC795-4485-41D2-8D56-04DAD63245AF}"
EndProject
Project("{FAE04EC0-301F-11D3-BF4B-00C04F79EFBC}") = "Entap.Basic.Forms.Android", "Source\Entap.Basic.Forms\Entap.Basic.Forms.Android\Entap.Basic.Forms.Android.csproj", "{6E00B08A-0837-4785-BC64-B391197B02D9}"
EndProject
Project("{5DD5E4FA-CB73-4610-85AB-557B54E96AA9}") = "Entap.Basic.Forms.NuGet", "Source\Entap.Basic.Forms\Entap.Basic.Forms.NuGet\Entap.Basic.Forms.NuGet.nuproj", "{97F0EBF4-69DF-4766-83A4-046160129880}"
EndProject
Project("{FAE04EC0-301F-11D3-BF4B-00C04F79EFBC}") = "Sample.Android", "Sample\Sample.Android\Sample.Android.csproj", "{F7DDD084-65C0-407E-9011-094485F4DEE4}"
EndProject
Project("{FAE04EC0-301F-11D3-BF4B-00C04F79EFBC}") = "Sample.iOS", "Sample\Sample.iOS\Sample.iOS.csproj", "{1C60FD68-EB07-4995-81DA-B06D6C8BB04A}"
EndProject
Project("{FAE04EC0-301F-11D3-BF4B-00C04F79EFBC}") = "Sample", "Sample\Sample\Sample.csproj", "{5EA9CAF2-2F0E-4C00-B710-3D7152CDA2AF}"
EndProject
Project("{2150E333-8FDC-42A3-9474-1A3956D46DE8}") = "Entap.Basic.SQLite", "Entap.Basic.SQLite", "{B9CFFA00-B284-4059-B5CE-4707084A20F4}"
EndProject
Project("{FAE04EC0-301F-11D3-BF4B-00C04F79EFBC}") = "Entap.Basic.SQLite", "Source\Entap.Basic.SQLite\Entap.Basic.SQLite.csproj", "{F75D2764-3141-486C-A0C1-B122DD2B2ABC}"
EndProject
Project("{2150E333-8FDC-42A3-9474-1A3956D46DE8}") = "Entap.Basic", "Entap.Basic", "{BB2E3BB8-3011-4E9D-8F04-808BB3F9C8F7}"
EndProject
Project("{FAE04EC0-301F-11D3-BF4B-00C04F79EFBC}") = "Entap.Basic", "Source\Entap.Basic\Entap.Basic\Entap.Basic.csproj", "{06D910B3-77D1-4C53-A60B-5CBB19CB2BFD}"
EndProject
Project("{FAE04EC0-301F-11D3-BF4B-00C04F79EFBC}") = "Entap.Basic.iOS", "Source\Entap.Basic\Entap.Basic.iOS\Entap.Basic.iOS.csproj", "{9917E7A8-1BB8-4BE9-9376-9CB844E17E6F}"
EndProject
Project("{FAE04EC0-301F-11D3-BF4B-00C04F79EFBC}") = "Entap.Basic.Android", "Source\Entap.Basic\Entap.Basic.Android\Entap.Basic.Android.csproj", "{273418FD-D731-4C69-ABAB-D5ED34B64603}"
EndProject
Project("{5DD5E4FA-CB73-4610-85AB-557B54E96AA9}") = "Entap.Basic.NuGet", "Source\Entap.Basic\Entap.Basic.NuGet\Entap.Basic.NuGet.nuproj", "{258C3A61-64EE-4FDB-80BC-73E85AD82EE3}"
EndProject
Project("{2150E333-8FDC-42A3-9474-1A3956D46DE8}") = "demo", "demo", "{7119A77A-D182-42A6-ABA1-4F5C4702833C}"
EndProject
Project("{FAE04EC0-301F-11D3-BF4B-00C04F79EFBC}") = "SHIRO.CO.Android", "Demo\SHIRO.CO.Android\SHIRO.CO.Android.csproj", "{50495310-787B-4A5E-9C33-766F79D8C516}"
EndProject
Project("{FAE04EC0-301F-11D3-BF4B-00C04F79EFBC}") = "SHIRO.CO.iOS", "Demo\SHIRO.CO.iOS\SHIRO.CO.iOS.csproj", "{6EA16FD3-0D17-4D76-8945-E8606C459D5D}"
EndProject
Project("{FAE04EC0-301F-11D3-BF4B-00C04F79EFBC}") = "SHIRO.CO", "Demo\SHIRO.CO\SHIRO.CO.csproj", "{DA04402E-148F-4276-A0A4-8B7BABC10BC1}"
EndProject
Project("{2150E333-8FDC-42A3-9474-1A3956D46DE8}") = "Entap.Basic.Firebase.Auth", "Entap.Basic.Firebase.Auth", "{9219269E-C10E-495E-8722-82D9E767582D}"
EndProject
Project("{FAE04EC0-301F-11D3-BF4B-00C04F79EFBC}") = "Entap.Basic.Firebase.Auth", "Source\Entap.Basic.Firebase.Auth\Entap.Basic.Firebase.Auth\Entap.Basic.Firebase.Auth.csproj", "{85670688-FB1F-4692-956D-1FDAAF85C72F}"
EndProject
Project("{FAE04EC0-301F-11D3-BF4B-00C04F79EFBC}") = "Entap.Basic.Firebase.Auth.Android", "Source\Entap.Basic.Firebase.Auth\Entap.Basic.Firebase.Auth.Android\Entap.Basic.Firebase.Auth.Android.csproj", "{3B0EA754-ED6D-42EC-8586-CBC1EE5180BC}"
EndProject
Project("{FAE04EC0-301F-11D3-BF4B-00C04F79EFBC}") = "Entap.Basic.Firebase.Auth.iOS", "Source\Entap.Basic.Firebase.Auth\Entap.Basic.Firebase.Auth.iOS\Entap.Basic.Firebase.Auth.iOS.csproj", "{2E5E913A-CE85-4147-A436-24B437BD2B8B}"
EndProject
Project("{2150E333-8FDC-42A3-9474-1A3956D46DE8}") = "Entap.Basic.Auth", "Entap.Basic.Auth", "{743E951F-A399-45C2-8976-148673188467}"
EndProject
Project("{FAE04EC0-301F-11D3-BF4B-00C04F79EFBC}") = "Entap.Basic.Auth", "Source\Entap.Basic.Auth\Entap.Basic.Auth\Entap.Basic.Auth.csproj", "{9024D057-52B3-43F0-975E-8DFE890C8FC4}"
EndProject
Project("{FAE04EC0-301F-11D3-BF4B-00C04F79EFBC}") = "Entap.Basic.Api", "Source\Entap.Basic\Entap.Basic.Api\Entap.Basic.Api.csproj", "{1A4BA734-6741-4D76-A84C-C6C96C6951A0}"
EndProject
Project("{2150E333-8FDC-42A3-9474-1A3956D46DE8}") = "Entap.Basic.Refit", "Entap.Basic.Refit", "{39A5978D-E1B7-41E3-8805-1BC758D95FF5}"
EndProject
Project("{FAE04EC0-301F-11D3-BF4B-00C04F79EFBC}") = "Entap.Basic.Refit", "Source\Entap.Basic.Refit\Entap.Basic.Refit\Entap.Basic.Refit.csproj", "{F81FB014-A5F9-455E-8AFB-F7DCEC72809C}"
EndProject
Project("{FAE04EC0-301F-11D3-BF4B-00C04F79EFBC}") = "Entap.Basic.Core.Android", "Source\Entap.Basic.Core\Entap.Basic.Core.Android\Entap.Basic.Core.Android.csproj", "{A4E743B3-F22D-415D-9D98-2F3562B32208}"
EndProject
Project("{5DD5E4FA-CB73-4610-85AB-557B54E96AA9}") = "Entap.Basic.Core.NuGet", "Source\Entap.Basic.Core\Entap.Basic.Core.NuGet\Entap.Basic.Core.NuGet.nuproj", "{C485120C-94F0-4AD5-8586-B971B489BA65}"
EndProject
Project("{2150E333-8FDC-42A3-9474-1A3956D46DE8}") = "Entap.Basic.Firebase.Auth.Facebook", "Entap.Basic.Firebase.Auth.Facebook", "{E4920AE1-4888-4DF9-A0D7-BF1D82C5A80E}"
EndProject
Project("{2150E333-8FDC-42A3-9474-1A3956D46DE8}") = "Entap.Basic.Firebase.Auth.Line", "Entap.Basic.Firebase.Auth.Line", "{199D2970-D956-4092-84E5-8428F141E010}"
EndProject
Project("{FAE04EC0-301F-11D3-BF4B-00C04F79EFBC}") = "Entap.Basic.Firebase.Auth.Line", "Source\Entap.Basic.Firebase.Auth.Line\Entap.Basic.Firebase.Auth.Line\Entap.Basic.Firebase.Auth.Line.csproj", "{0885D713-3A59-4A59-86BE-2855E0B78026}"
EndProject
Project("{2150E333-8FDC-42A3-9474-1A3956D46DE8}") = "Entap.Basic.Auth.Line", "Entap.Basic.Auth.Line", "{1A2D4D78-F8A0-49E2-B9E7-0C4B3B577172}"
EndProject
Project("{FAE04EC0-301F-11D3-BF4B-00C04F79EFBC}") = "Entap.Basic.Auth.Google", "Source\Entap.Basic.Auth.Google\Entap.Basic.Auth.Google\Entap.Basic.Auth.Google.csproj", "{2D1D3DCB-8F25-4819-B839-0930FFCC436F}"
EndProject
Project("{FAE04EC0-301F-11D3-BF4B-00C04F79EFBC}") = "Entap.Basic.Auth.Google.iOS", "Source\Entap.Basic.Auth.Google\Entap.Basic.Auth.Google.iOS\Entap.Basic.Auth.Google.iOS.csproj", "{495C0FAD-D5DF-419A-9C7A-AA1BCB54F93A}"
EndProject
Project("{FAE04EC0-301F-11D3-BF4B-00C04F79EFBC}") = "Entap.Basic.Auth.Google.Android", "Source\Entap.Basic.Auth.Google\Entap.Basic.Auth.Google.Android\Entap.Basic.Auth.Google.Android.csproj", "{BBB98230-CF9E-48D4-B741-83DA8EA8F4D4}"
EndProject
Project("{FAE04EC0-301F-11D3-BF4B-00C04F79EFBC}") = "Entap.Basic.Firebase.Auth.Facebook", "Source\Entap.Basic.Firebase.Auth.Facebook\Entap.Basic.Firebase.Auth.Facebook\Entap.Basic.Firebase.Auth.Facebook.csproj", "{3C8D6648-9F6D-4E97-AEE3-ED2199914D03}"
EndProject
Project("{FAE04EC0-301F-11D3-BF4B-00C04F79EFBC}") = "Entap.Basic.Auth.Line", "Source\Entap.Basic.Auth.Line\Entap.Basic.Auth.Line\Entap.Basic.Auth.Line.csproj", "{4E3E09A7-3C9F-453E-B803-901819538BE9}"
EndProject
Project("{2150E333-8FDC-42A3-9474-1A3956D46DE8}") = "Entap.Basic.Auth.Google", "Entap.Basic.Auth.Google", "{460D5E12-F155-4F0C-BD66-76D397A6A29A}"
EndProject
Global
	GlobalSection(SolutionConfigurationPlatforms) = preSolution
		Debug|Any CPU = Debug|Any CPU
		Release|Any CPU = Release|Any CPU
		Debug|iPhoneSimulator = Debug|iPhoneSimulator
		Release|iPhoneSimulator = Release|iPhoneSimulator
		Debug|iPhone = Debug|iPhone
		Release|iPhone = Release|iPhone
	EndGlobalSection
	GlobalSection(ProjectConfigurationPlatforms) = postSolution
		{C7D33057-ED52-4168-A347-BCC7D5785A44}.Debug|Any CPU.ActiveCfg = Debug|Any CPU
		{C7D33057-ED52-4168-A347-BCC7D5785A44}.Debug|Any CPU.Build.0 = Debug|Any CPU
		{C7D33057-ED52-4168-A347-BCC7D5785A44}.Release|Any CPU.ActiveCfg = Release|Any CPU
		{C7D33057-ED52-4168-A347-BCC7D5785A44}.Release|Any CPU.Build.0 = Release|Any CPU
		{C7D33057-ED52-4168-A347-BCC7D5785A44}.Debug|iPhoneSimulator.ActiveCfg = Debug|Any CPU
		{C7D33057-ED52-4168-A347-BCC7D5785A44}.Debug|iPhoneSimulator.Build.0 = Debug|Any CPU
		{C7D33057-ED52-4168-A347-BCC7D5785A44}.Release|iPhoneSimulator.ActiveCfg = Release|Any CPU
		{C7D33057-ED52-4168-A347-BCC7D5785A44}.Release|iPhoneSimulator.Build.0 = Release|Any CPU
		{C7D33057-ED52-4168-A347-BCC7D5785A44}.Debug|iPhone.ActiveCfg = Debug|Any CPU
		{C7D33057-ED52-4168-A347-BCC7D5785A44}.Debug|iPhone.Build.0 = Debug|Any CPU
		{C7D33057-ED52-4168-A347-BCC7D5785A44}.Release|iPhone.ActiveCfg = Release|Any CPU
		{C7D33057-ED52-4168-A347-BCC7D5785A44}.Release|iPhone.Build.0 = Release|Any CPU
		{E2028777-8C1B-489E-9EFD-477CD3082EA7}.Debug|Any CPU.ActiveCfg = Debug|Any CPU
		{E2028777-8C1B-489E-9EFD-477CD3082EA7}.Debug|Any CPU.Build.0 = Debug|Any CPU
		{E2028777-8C1B-489E-9EFD-477CD3082EA7}.Release|Any CPU.ActiveCfg = Release|Any CPU
		{E2028777-8C1B-489E-9EFD-477CD3082EA7}.Release|Any CPU.Build.0 = Release|Any CPU
		{E2028777-8C1B-489E-9EFD-477CD3082EA7}.Debug|iPhoneSimulator.ActiveCfg = Debug|Any CPU
		{E2028777-8C1B-489E-9EFD-477CD3082EA7}.Debug|iPhoneSimulator.Build.0 = Debug|Any CPU
		{E2028777-8C1B-489E-9EFD-477CD3082EA7}.Release|iPhoneSimulator.ActiveCfg = Release|Any CPU
		{E2028777-8C1B-489E-9EFD-477CD3082EA7}.Release|iPhoneSimulator.Build.0 = Release|Any CPU
		{E2028777-8C1B-489E-9EFD-477CD3082EA7}.Debug|iPhone.ActiveCfg = Debug|Any CPU
		{E2028777-8C1B-489E-9EFD-477CD3082EA7}.Debug|iPhone.Build.0 = Debug|Any CPU
		{E2028777-8C1B-489E-9EFD-477CD3082EA7}.Release|iPhone.ActiveCfg = Release|Any CPU
		{E2028777-8C1B-489E-9EFD-477CD3082EA7}.Release|iPhone.Build.0 = Release|Any CPU
		{429CC795-4485-41D2-8D56-04DAD63245AF}.Debug|Any CPU.ActiveCfg = Debug|Any CPU
		{429CC795-4485-41D2-8D56-04DAD63245AF}.Debug|Any CPU.Build.0 = Debug|Any CPU
		{429CC795-4485-41D2-8D56-04DAD63245AF}.Release|Any CPU.ActiveCfg = Release|Any CPU
		{429CC795-4485-41D2-8D56-04DAD63245AF}.Release|Any CPU.Build.0 = Release|Any CPU
		{429CC795-4485-41D2-8D56-04DAD63245AF}.Debug|iPhoneSimulator.ActiveCfg = Debug|Any CPU
		{429CC795-4485-41D2-8D56-04DAD63245AF}.Debug|iPhoneSimulator.Build.0 = Debug|Any CPU
		{429CC795-4485-41D2-8D56-04DAD63245AF}.Release|iPhoneSimulator.ActiveCfg = Release|Any CPU
		{429CC795-4485-41D2-8D56-04DAD63245AF}.Release|iPhoneSimulator.Build.0 = Release|Any CPU
		{429CC795-4485-41D2-8D56-04DAD63245AF}.Debug|iPhone.ActiveCfg = Debug|Any CPU
		{429CC795-4485-41D2-8D56-04DAD63245AF}.Debug|iPhone.Build.0 = Debug|Any CPU
		{429CC795-4485-41D2-8D56-04DAD63245AF}.Release|iPhone.ActiveCfg = Release|Any CPU
		{429CC795-4485-41D2-8D56-04DAD63245AF}.Release|iPhone.Build.0 = Release|Any CPU
		{6E00B08A-0837-4785-BC64-B391197B02D9}.Debug|Any CPU.ActiveCfg = Debug|Any CPU
		{6E00B08A-0837-4785-BC64-B391197B02D9}.Debug|Any CPU.Build.0 = Debug|Any CPU
		{6E00B08A-0837-4785-BC64-B391197B02D9}.Release|Any CPU.ActiveCfg = Release|Any CPU
		{6E00B08A-0837-4785-BC64-B391197B02D9}.Release|Any CPU.Build.0 = Release|Any CPU
		{6E00B08A-0837-4785-BC64-B391197B02D9}.Debug|iPhoneSimulator.ActiveCfg = Debug|Any CPU
		{6E00B08A-0837-4785-BC64-B391197B02D9}.Debug|iPhoneSimulator.Build.0 = Debug|Any CPU
		{6E00B08A-0837-4785-BC64-B391197B02D9}.Release|iPhoneSimulator.ActiveCfg = Release|Any CPU
		{6E00B08A-0837-4785-BC64-B391197B02D9}.Release|iPhoneSimulator.Build.0 = Release|Any CPU
		{6E00B08A-0837-4785-BC64-B391197B02D9}.Debug|iPhone.ActiveCfg = Debug|Any CPU
		{6E00B08A-0837-4785-BC64-B391197B02D9}.Debug|iPhone.Build.0 = Debug|Any CPU
		{6E00B08A-0837-4785-BC64-B391197B02D9}.Release|iPhone.ActiveCfg = Release|Any CPU
		{6E00B08A-0837-4785-BC64-B391197B02D9}.Release|iPhone.Build.0 = Release|Any CPU
		{97F0EBF4-69DF-4766-83A4-046160129880}.Debug|Any CPU.ActiveCfg = Debug|Any CPU
		{97F0EBF4-69DF-4766-83A4-046160129880}.Debug|Any CPU.Build.0 = Debug|Any CPU
		{97F0EBF4-69DF-4766-83A4-046160129880}.Release|Any CPU.ActiveCfg = Release|Any CPU
		{97F0EBF4-69DF-4766-83A4-046160129880}.Release|Any CPU.Build.0 = Release|Any CPU
		{97F0EBF4-69DF-4766-83A4-046160129880}.Debug|iPhoneSimulator.ActiveCfg = Debug|Any CPU
		{97F0EBF4-69DF-4766-83A4-046160129880}.Debug|iPhoneSimulator.Build.0 = Debug|Any CPU
		{97F0EBF4-69DF-4766-83A4-046160129880}.Release|iPhoneSimulator.ActiveCfg = Release|Any CPU
		{97F0EBF4-69DF-4766-83A4-046160129880}.Release|iPhoneSimulator.Build.0 = Release|Any CPU
		{97F0EBF4-69DF-4766-83A4-046160129880}.Debug|iPhone.ActiveCfg = Debug|Any CPU
		{97F0EBF4-69DF-4766-83A4-046160129880}.Debug|iPhone.Build.0 = Debug|Any CPU
		{97F0EBF4-69DF-4766-83A4-046160129880}.Release|iPhone.ActiveCfg = Release|Any CPU
		{97F0EBF4-69DF-4766-83A4-046160129880}.Release|iPhone.Build.0 = Release|Any CPU
		{F7DDD084-65C0-407E-9011-094485F4DEE4}.Debug|Any CPU.ActiveCfg = Debug|Any CPU
		{F7DDD084-65C0-407E-9011-094485F4DEE4}.Debug|Any CPU.Build.0 = Debug|Any CPU
		{F7DDD084-65C0-407E-9011-094485F4DEE4}.Release|Any CPU.ActiveCfg = Release|Any CPU
		{F7DDD084-65C0-407E-9011-094485F4DEE4}.Release|Any CPU.Build.0 = Release|Any CPU
		{F7DDD084-65C0-407E-9011-094485F4DEE4}.Debug|iPhoneSimulator.ActiveCfg = Debug|Any CPU
		{F7DDD084-65C0-407E-9011-094485F4DEE4}.Debug|iPhoneSimulator.Build.0 = Debug|Any CPU
		{F7DDD084-65C0-407E-9011-094485F4DEE4}.Release|iPhoneSimulator.ActiveCfg = Release|Any CPU
		{F7DDD084-65C0-407E-9011-094485F4DEE4}.Release|iPhoneSimulator.Build.0 = Release|Any CPU
		{F7DDD084-65C0-407E-9011-094485F4DEE4}.Debug|iPhone.ActiveCfg = Debug|Any CPU
		{F7DDD084-65C0-407E-9011-094485F4DEE4}.Debug|iPhone.Build.0 = Debug|Any CPU
		{F7DDD084-65C0-407E-9011-094485F4DEE4}.Release|iPhone.ActiveCfg = Release|Any CPU
		{F7DDD084-65C0-407E-9011-094485F4DEE4}.Release|iPhone.Build.0 = Release|Any CPU
		{1C60FD68-EB07-4995-81DA-B06D6C8BB04A}.Debug|Any CPU.ActiveCfg = Debug|iPhoneSimulator
		{1C60FD68-EB07-4995-81DA-B06D6C8BB04A}.Debug|Any CPU.Build.0 = Debug|iPhoneSimulator
		{1C60FD68-EB07-4995-81DA-B06D6C8BB04A}.Release|Any CPU.ActiveCfg = Release|iPhoneSimulator
		{1C60FD68-EB07-4995-81DA-B06D6C8BB04A}.Release|Any CPU.Build.0 = Release|iPhoneSimulator
		{1C60FD68-EB07-4995-81DA-B06D6C8BB04A}.Debug|iPhoneSimulator.ActiveCfg = Debug|iPhoneSimulator
		{1C60FD68-EB07-4995-81DA-B06D6C8BB04A}.Debug|iPhoneSimulator.Build.0 = Debug|iPhoneSimulator
		{1C60FD68-EB07-4995-81DA-B06D6C8BB04A}.Release|iPhoneSimulator.ActiveCfg = Release|iPhoneSimulator
		{1C60FD68-EB07-4995-81DA-B06D6C8BB04A}.Release|iPhoneSimulator.Build.0 = Release|iPhoneSimulator
		{1C60FD68-EB07-4995-81DA-B06D6C8BB04A}.Debug|iPhone.ActiveCfg = Debug|iPhone
		{1C60FD68-EB07-4995-81DA-B06D6C8BB04A}.Debug|iPhone.Build.0 = Debug|iPhone
		{1C60FD68-EB07-4995-81DA-B06D6C8BB04A}.Release|iPhone.ActiveCfg = Release|iPhone
		{1C60FD68-EB07-4995-81DA-B06D6C8BB04A}.Release|iPhone.Build.0 = Release|iPhone
		{5EA9CAF2-2F0E-4C00-B710-3D7152CDA2AF}.Debug|Any CPU.ActiveCfg = Debug|Any CPU
		{5EA9CAF2-2F0E-4C00-B710-3D7152CDA2AF}.Debug|Any CPU.Build.0 = Debug|Any CPU
		{5EA9CAF2-2F0E-4C00-B710-3D7152CDA2AF}.Release|Any CPU.ActiveCfg = Release|Any CPU
		{5EA9CAF2-2F0E-4C00-B710-3D7152CDA2AF}.Release|Any CPU.Build.0 = Release|Any CPU
		{5EA9CAF2-2F0E-4C00-B710-3D7152CDA2AF}.Debug|iPhoneSimulator.ActiveCfg = Debug|Any CPU
		{5EA9CAF2-2F0E-4C00-B710-3D7152CDA2AF}.Debug|iPhoneSimulator.Build.0 = Debug|Any CPU
		{5EA9CAF2-2F0E-4C00-B710-3D7152CDA2AF}.Release|iPhoneSimulator.ActiveCfg = Release|Any CPU
		{5EA9CAF2-2F0E-4C00-B710-3D7152CDA2AF}.Release|iPhoneSimulator.Build.0 = Release|Any CPU
		{5EA9CAF2-2F0E-4C00-B710-3D7152CDA2AF}.Debug|iPhone.ActiveCfg = Debug|Any CPU
		{5EA9CAF2-2F0E-4C00-B710-3D7152CDA2AF}.Debug|iPhone.Build.0 = Debug|Any CPU
		{5EA9CAF2-2F0E-4C00-B710-3D7152CDA2AF}.Release|iPhone.ActiveCfg = Release|Any CPU
		{5EA9CAF2-2F0E-4C00-B710-3D7152CDA2AF}.Release|iPhone.Build.0 = Release|Any CPU
		{F75D2764-3141-486C-A0C1-B122DD2B2ABC}.Debug|Any CPU.ActiveCfg = Debug|Any CPU
		{F75D2764-3141-486C-A0C1-B122DD2B2ABC}.Debug|Any CPU.Build.0 = Debug|Any CPU
		{F75D2764-3141-486C-A0C1-B122DD2B2ABC}.Release|Any CPU.ActiveCfg = Release|Any CPU
		{F75D2764-3141-486C-A0C1-B122DD2B2ABC}.Release|Any CPU.Build.0 = Release|Any CPU
		{F75D2764-3141-486C-A0C1-B122DD2B2ABC}.Debug|iPhoneSimulator.ActiveCfg = Debug|Any CPU
		{F75D2764-3141-486C-A0C1-B122DD2B2ABC}.Debug|iPhoneSimulator.Build.0 = Debug|Any CPU
		{F75D2764-3141-486C-A0C1-B122DD2B2ABC}.Release|iPhoneSimulator.ActiveCfg = Release|Any CPU
		{F75D2764-3141-486C-A0C1-B122DD2B2ABC}.Release|iPhoneSimulator.Build.0 = Release|Any CPU
		{F75D2764-3141-486C-A0C1-B122DD2B2ABC}.Debug|iPhone.ActiveCfg = Debug|Any CPU
		{F75D2764-3141-486C-A0C1-B122DD2B2ABC}.Debug|iPhone.Build.0 = Debug|Any CPU
		{F75D2764-3141-486C-A0C1-B122DD2B2ABC}.Release|iPhone.ActiveCfg = Release|Any CPU
		{F75D2764-3141-486C-A0C1-B122DD2B2ABC}.Release|iPhone.Build.0 = Release|Any CPU
		{06D910B3-77D1-4C53-A60B-5CBB19CB2BFD}.Debug|Any CPU.ActiveCfg = Debug|Any CPU
		{06D910B3-77D1-4C53-A60B-5CBB19CB2BFD}.Debug|Any CPU.Build.0 = Debug|Any CPU
		{06D910B3-77D1-4C53-A60B-5CBB19CB2BFD}.Release|Any CPU.ActiveCfg = Release|Any CPU
		{06D910B3-77D1-4C53-A60B-5CBB19CB2BFD}.Release|Any CPU.Build.0 = Release|Any CPU
		{06D910B3-77D1-4C53-A60B-5CBB19CB2BFD}.Debug|iPhoneSimulator.ActiveCfg = Debug|Any CPU
		{06D910B3-77D1-4C53-A60B-5CBB19CB2BFD}.Debug|iPhoneSimulator.Build.0 = Debug|Any CPU
		{06D910B3-77D1-4C53-A60B-5CBB19CB2BFD}.Release|iPhoneSimulator.ActiveCfg = Release|Any CPU
		{06D910B3-77D1-4C53-A60B-5CBB19CB2BFD}.Release|iPhoneSimulator.Build.0 = Release|Any CPU
		{06D910B3-77D1-4C53-A60B-5CBB19CB2BFD}.Debug|iPhone.ActiveCfg = Debug|Any CPU
		{06D910B3-77D1-4C53-A60B-5CBB19CB2BFD}.Debug|iPhone.Build.0 = Debug|Any CPU
		{06D910B3-77D1-4C53-A60B-5CBB19CB2BFD}.Release|iPhone.ActiveCfg = Release|Any CPU
		{06D910B3-77D1-4C53-A60B-5CBB19CB2BFD}.Release|iPhone.Build.0 = Release|Any CPU
		{9917E7A8-1BB8-4BE9-9376-9CB844E17E6F}.Debug|Any CPU.ActiveCfg = Debug|Any CPU
		{9917E7A8-1BB8-4BE9-9376-9CB844E17E6F}.Debug|Any CPU.Build.0 = Debug|Any CPU
		{9917E7A8-1BB8-4BE9-9376-9CB844E17E6F}.Release|Any CPU.ActiveCfg = Release|Any CPU
		{9917E7A8-1BB8-4BE9-9376-9CB844E17E6F}.Release|Any CPU.Build.0 = Release|Any CPU
		{9917E7A8-1BB8-4BE9-9376-9CB844E17E6F}.Debug|iPhoneSimulator.ActiveCfg = Debug|Any CPU
		{9917E7A8-1BB8-4BE9-9376-9CB844E17E6F}.Debug|iPhoneSimulator.Build.0 = Debug|Any CPU
		{9917E7A8-1BB8-4BE9-9376-9CB844E17E6F}.Release|iPhoneSimulator.ActiveCfg = Release|Any CPU
		{9917E7A8-1BB8-4BE9-9376-9CB844E17E6F}.Release|iPhoneSimulator.Build.0 = Release|Any CPU
		{9917E7A8-1BB8-4BE9-9376-9CB844E17E6F}.Debug|iPhone.ActiveCfg = Debug|Any CPU
		{9917E7A8-1BB8-4BE9-9376-9CB844E17E6F}.Debug|iPhone.Build.0 = Debug|Any CPU
		{9917E7A8-1BB8-4BE9-9376-9CB844E17E6F}.Release|iPhone.ActiveCfg = Release|Any CPU
		{9917E7A8-1BB8-4BE9-9376-9CB844E17E6F}.Release|iPhone.Build.0 = Release|Any CPU
		{273418FD-D731-4C69-ABAB-D5ED34B64603}.Debug|Any CPU.ActiveCfg = Debug|Any CPU
		{273418FD-D731-4C69-ABAB-D5ED34B64603}.Debug|Any CPU.Build.0 = Debug|Any CPU
		{273418FD-D731-4C69-ABAB-D5ED34B64603}.Release|Any CPU.ActiveCfg = Release|Any CPU
		{273418FD-D731-4C69-ABAB-D5ED34B64603}.Release|Any CPU.Build.0 = Release|Any CPU
		{273418FD-D731-4C69-ABAB-D5ED34B64603}.Debug|iPhoneSimulator.ActiveCfg = Debug|Any CPU
		{273418FD-D731-4C69-ABAB-D5ED34B64603}.Debug|iPhoneSimulator.Build.0 = Debug|Any CPU
		{273418FD-D731-4C69-ABAB-D5ED34B64603}.Release|iPhoneSimulator.ActiveCfg = Release|Any CPU
		{273418FD-D731-4C69-ABAB-D5ED34B64603}.Release|iPhoneSimulator.Build.0 = Release|Any CPU
		{273418FD-D731-4C69-ABAB-D5ED34B64603}.Debug|iPhone.ActiveCfg = Debug|Any CPU
		{273418FD-D731-4C69-ABAB-D5ED34B64603}.Debug|iPhone.Build.0 = Debug|Any CPU
		{273418FD-D731-4C69-ABAB-D5ED34B64603}.Release|iPhone.ActiveCfg = Release|Any CPU
		{273418FD-D731-4C69-ABAB-D5ED34B64603}.Release|iPhone.Build.0 = Release|Any CPU
		{258C3A61-64EE-4FDB-80BC-73E85AD82EE3}.Debug|Any CPU.ActiveCfg = Debug|Any CPU
		{258C3A61-64EE-4FDB-80BC-73E85AD82EE3}.Debug|Any CPU.Build.0 = Debug|Any CPU
		{258C3A61-64EE-4FDB-80BC-73E85AD82EE3}.Release|Any CPU.ActiveCfg = Release|Any CPU
		{258C3A61-64EE-4FDB-80BC-73E85AD82EE3}.Release|Any CPU.Build.0 = Release|Any CPU
		{258C3A61-64EE-4FDB-80BC-73E85AD82EE3}.Debug|iPhoneSimulator.ActiveCfg = Debug|Any CPU
		{258C3A61-64EE-4FDB-80BC-73E85AD82EE3}.Debug|iPhoneSimulator.Build.0 = Debug|Any CPU
		{258C3A61-64EE-4FDB-80BC-73E85AD82EE3}.Release|iPhoneSimulator.ActiveCfg = Release|Any CPU
		{258C3A61-64EE-4FDB-80BC-73E85AD82EE3}.Release|iPhoneSimulator.Build.0 = Release|Any CPU
		{258C3A61-64EE-4FDB-80BC-73E85AD82EE3}.Debug|iPhone.ActiveCfg = Debug|Any CPU
		{258C3A61-64EE-4FDB-80BC-73E85AD82EE3}.Debug|iPhone.Build.0 = Debug|Any CPU
		{258C3A61-64EE-4FDB-80BC-73E85AD82EE3}.Release|iPhone.ActiveCfg = Release|Any CPU
		{258C3A61-64EE-4FDB-80BC-73E85AD82EE3}.Release|iPhone.Build.0 = Release|Any CPU
		{50495310-787B-4A5E-9C33-766F79D8C516}.Debug|Any CPU.ActiveCfg = Debug|Any CPU
		{50495310-787B-4A5E-9C33-766F79D8C516}.Debug|Any CPU.Build.0 = Debug|Any CPU
		{50495310-787B-4A5E-9C33-766F79D8C516}.Release|Any CPU.ActiveCfg = Release|Any CPU
		{50495310-787B-4A5E-9C33-766F79D8C516}.Release|Any CPU.Build.0 = Release|Any CPU
		{50495310-787B-4A5E-9C33-766F79D8C516}.Debug|iPhoneSimulator.ActiveCfg = Debug|Any CPU
		{50495310-787B-4A5E-9C33-766F79D8C516}.Debug|iPhoneSimulator.Build.0 = Debug|Any CPU
		{50495310-787B-4A5E-9C33-766F79D8C516}.Release|iPhoneSimulator.ActiveCfg = Release|Any CPU
		{50495310-787B-4A5E-9C33-766F79D8C516}.Release|iPhoneSimulator.Build.0 = Release|Any CPU
		{50495310-787B-4A5E-9C33-766F79D8C516}.Debug|iPhone.ActiveCfg = Debug|Any CPU
		{50495310-787B-4A5E-9C33-766F79D8C516}.Debug|iPhone.Build.0 = Debug|Any CPU
		{50495310-787B-4A5E-9C33-766F79D8C516}.Release|iPhone.ActiveCfg = Release|Any CPU
		{50495310-787B-4A5E-9C33-766F79D8C516}.Release|iPhone.Build.0 = Release|Any CPU
		{6EA16FD3-0D17-4D76-8945-E8606C459D5D}.Debug|Any CPU.ActiveCfg = Debug|iPhoneSimulator
		{6EA16FD3-0D17-4D76-8945-E8606C459D5D}.Debug|Any CPU.Build.0 = Debug|iPhoneSimulator
		{6EA16FD3-0D17-4D76-8945-E8606C459D5D}.Release|Any CPU.ActiveCfg = Release|iPhoneSimulator
		{6EA16FD3-0D17-4D76-8945-E8606C459D5D}.Release|Any CPU.Build.0 = Release|iPhoneSimulator
		{6EA16FD3-0D17-4D76-8945-E8606C459D5D}.Debug|iPhoneSimulator.ActiveCfg = Debug|iPhoneSimulator
		{6EA16FD3-0D17-4D76-8945-E8606C459D5D}.Debug|iPhoneSimulator.Build.0 = Debug|iPhoneSimulator
		{6EA16FD3-0D17-4D76-8945-E8606C459D5D}.Release|iPhoneSimulator.ActiveCfg = Release|iPhoneSimulator
		{6EA16FD3-0D17-4D76-8945-E8606C459D5D}.Release|iPhoneSimulator.Build.0 = Release|iPhoneSimulator
		{6EA16FD3-0D17-4D76-8945-E8606C459D5D}.Debug|iPhone.ActiveCfg = Debug|iPhone
		{6EA16FD3-0D17-4D76-8945-E8606C459D5D}.Debug|iPhone.Build.0 = Debug|iPhone
		{6EA16FD3-0D17-4D76-8945-E8606C459D5D}.Release|iPhone.ActiveCfg = Release|iPhone
		{6EA16FD3-0D17-4D76-8945-E8606C459D5D}.Release|iPhone.Build.0 = Release|iPhone
		{DA04402E-148F-4276-A0A4-8B7BABC10BC1}.Debug|Any CPU.ActiveCfg = Debug|Any CPU
		{DA04402E-148F-4276-A0A4-8B7BABC10BC1}.Debug|Any CPU.Build.0 = Debug|Any CPU
		{DA04402E-148F-4276-A0A4-8B7BABC10BC1}.Release|Any CPU.ActiveCfg = Release|Any CPU
		{DA04402E-148F-4276-A0A4-8B7BABC10BC1}.Release|Any CPU.Build.0 = Release|Any CPU
		{DA04402E-148F-4276-A0A4-8B7BABC10BC1}.Debug|iPhoneSimulator.ActiveCfg = Debug|Any CPU
		{DA04402E-148F-4276-A0A4-8B7BABC10BC1}.Debug|iPhoneSimulator.Build.0 = Debug|Any CPU
		{DA04402E-148F-4276-A0A4-8B7BABC10BC1}.Release|iPhoneSimulator.ActiveCfg = Release|Any CPU
		{DA04402E-148F-4276-A0A4-8B7BABC10BC1}.Release|iPhoneSimulator.Build.0 = Release|Any CPU
		{DA04402E-148F-4276-A0A4-8B7BABC10BC1}.Debug|iPhone.ActiveCfg = Debug|Any CPU
		{DA04402E-148F-4276-A0A4-8B7BABC10BC1}.Debug|iPhone.Build.0 = Debug|Any CPU
		{DA04402E-148F-4276-A0A4-8B7BABC10BC1}.Release|iPhone.ActiveCfg = Release|Any CPU
		{DA04402E-148F-4276-A0A4-8B7BABC10BC1}.Release|iPhone.Build.0 = Release|Any CPU
		{85670688-FB1F-4692-956D-1FDAAF85C72F}.Debug|Any CPU.ActiveCfg = Debug|Any CPU
		{85670688-FB1F-4692-956D-1FDAAF85C72F}.Debug|Any CPU.Build.0 = Debug|Any CPU
		{85670688-FB1F-4692-956D-1FDAAF85C72F}.Release|Any CPU.ActiveCfg = Release|Any CPU
		{85670688-FB1F-4692-956D-1FDAAF85C72F}.Release|Any CPU.Build.0 = Release|Any CPU
		{85670688-FB1F-4692-956D-1FDAAF85C72F}.Debug|iPhoneSimulator.ActiveCfg = Debug|Any CPU
		{85670688-FB1F-4692-956D-1FDAAF85C72F}.Debug|iPhoneSimulator.Build.0 = Debug|Any CPU
		{85670688-FB1F-4692-956D-1FDAAF85C72F}.Release|iPhoneSimulator.ActiveCfg = Release|Any CPU
		{85670688-FB1F-4692-956D-1FDAAF85C72F}.Release|iPhoneSimulator.Build.0 = Release|Any CPU
		{85670688-FB1F-4692-956D-1FDAAF85C72F}.Debug|iPhone.ActiveCfg = Debug|Any CPU
		{85670688-FB1F-4692-956D-1FDAAF85C72F}.Debug|iPhone.Build.0 = Debug|Any CPU
		{85670688-FB1F-4692-956D-1FDAAF85C72F}.Release|iPhone.ActiveCfg = Release|Any CPU
		{85670688-FB1F-4692-956D-1FDAAF85C72F}.Release|iPhone.Build.0 = Release|Any CPU
		{3B0EA754-ED6D-42EC-8586-CBC1EE5180BC}.Debug|Any CPU.ActiveCfg = Debug|Any CPU
		{3B0EA754-ED6D-42EC-8586-CBC1EE5180BC}.Debug|Any CPU.Build.0 = Debug|Any CPU
		{3B0EA754-ED6D-42EC-8586-CBC1EE5180BC}.Release|Any CPU.ActiveCfg = Release|Any CPU
		{3B0EA754-ED6D-42EC-8586-CBC1EE5180BC}.Release|Any CPU.Build.0 = Release|Any CPU
		{3B0EA754-ED6D-42EC-8586-CBC1EE5180BC}.Debug|iPhoneSimulator.ActiveCfg = Debug|Any CPU
		{3B0EA754-ED6D-42EC-8586-CBC1EE5180BC}.Debug|iPhoneSimulator.Build.0 = Debug|Any CPU
		{3B0EA754-ED6D-42EC-8586-CBC1EE5180BC}.Release|iPhoneSimulator.ActiveCfg = Release|Any CPU
		{3B0EA754-ED6D-42EC-8586-CBC1EE5180BC}.Release|iPhoneSimulator.Build.0 = Release|Any CPU
		{3B0EA754-ED6D-42EC-8586-CBC1EE5180BC}.Debug|iPhone.ActiveCfg = Debug|Any CPU
		{3B0EA754-ED6D-42EC-8586-CBC1EE5180BC}.Debug|iPhone.Build.0 = Debug|Any CPU
		{3B0EA754-ED6D-42EC-8586-CBC1EE5180BC}.Release|iPhone.ActiveCfg = Release|Any CPU
		{3B0EA754-ED6D-42EC-8586-CBC1EE5180BC}.Release|iPhone.Build.0 = Release|Any CPU
		{2E5E913A-CE85-4147-A436-24B437BD2B8B}.Debug|Any CPU.ActiveCfg = Debug|Any CPU
		{2E5E913A-CE85-4147-A436-24B437BD2B8B}.Debug|Any CPU.Build.0 = Debug|Any CPU
		{2E5E913A-CE85-4147-A436-24B437BD2B8B}.Release|Any CPU.ActiveCfg = Release|Any CPU
		{2E5E913A-CE85-4147-A436-24B437BD2B8B}.Release|Any CPU.Build.0 = Release|Any CPU
		{2E5E913A-CE85-4147-A436-24B437BD2B8B}.Debug|iPhoneSimulator.ActiveCfg = Debug|Any CPU
		{2E5E913A-CE85-4147-A436-24B437BD2B8B}.Debug|iPhoneSimulator.Build.0 = Debug|Any CPU
		{2E5E913A-CE85-4147-A436-24B437BD2B8B}.Release|iPhoneSimulator.ActiveCfg = Release|Any CPU
		{2E5E913A-CE85-4147-A436-24B437BD2B8B}.Release|iPhoneSimulator.Build.0 = Release|Any CPU
		{2E5E913A-CE85-4147-A436-24B437BD2B8B}.Debug|iPhone.ActiveCfg = Debug|Any CPU
		{2E5E913A-CE85-4147-A436-24B437BD2B8B}.Debug|iPhone.Build.0 = Debug|Any CPU
		{2E5E913A-CE85-4147-A436-24B437BD2B8B}.Release|iPhone.ActiveCfg = Release|Any CPU
		{2E5E913A-CE85-4147-A436-24B437BD2B8B}.Release|iPhone.Build.0 = Release|Any CPU
		{9024D057-52B3-43F0-975E-8DFE890C8FC4}.Debug|Any CPU.ActiveCfg = Debug|Any CPU
		{9024D057-52B3-43F0-975E-8DFE890C8FC4}.Debug|Any CPU.Build.0 = Debug|Any CPU
		{9024D057-52B3-43F0-975E-8DFE890C8FC4}.Release|Any CPU.ActiveCfg = Release|Any CPU
		{9024D057-52B3-43F0-975E-8DFE890C8FC4}.Release|Any CPU.Build.0 = Release|Any CPU
		{9024D057-52B3-43F0-975E-8DFE890C8FC4}.Debug|iPhoneSimulator.ActiveCfg = Debug|Any CPU
		{9024D057-52B3-43F0-975E-8DFE890C8FC4}.Debug|iPhoneSimulator.Build.0 = Debug|Any CPU
		{9024D057-52B3-43F0-975E-8DFE890C8FC4}.Release|iPhoneSimulator.ActiveCfg = Release|Any CPU
		{9024D057-52B3-43F0-975E-8DFE890C8FC4}.Release|iPhoneSimulator.Build.0 = Release|Any CPU
		{9024D057-52B3-43F0-975E-8DFE890C8FC4}.Debug|iPhone.ActiveCfg = Debug|Any CPU
		{9024D057-52B3-43F0-975E-8DFE890C8FC4}.Debug|iPhone.Build.0 = Debug|Any CPU
		{9024D057-52B3-43F0-975E-8DFE890C8FC4}.Release|iPhone.ActiveCfg = Release|Any CPU
		{9024D057-52B3-43F0-975E-8DFE890C8FC4}.Release|iPhone.Build.0 = Release|Any CPU
		{1A4BA734-6741-4D76-A84C-C6C96C6951A0}.Debug|Any CPU.ActiveCfg = Debug|Any CPU
		{1A4BA734-6741-4D76-A84C-C6C96C6951A0}.Debug|Any CPU.Build.0 = Debug|Any CPU
		{1A4BA734-6741-4D76-A84C-C6C96C6951A0}.Release|Any CPU.ActiveCfg = Release|Any CPU
		{1A4BA734-6741-4D76-A84C-C6C96C6951A0}.Release|Any CPU.Build.0 = Release|Any CPU
		{1A4BA734-6741-4D76-A84C-C6C96C6951A0}.Debug|iPhoneSimulator.ActiveCfg = Debug|Any CPU
		{1A4BA734-6741-4D76-A84C-C6C96C6951A0}.Debug|iPhoneSimulator.Build.0 = Debug|Any CPU
		{1A4BA734-6741-4D76-A84C-C6C96C6951A0}.Release|iPhoneSimulator.ActiveCfg = Release|Any CPU
		{1A4BA734-6741-4D76-A84C-C6C96C6951A0}.Release|iPhoneSimulator.Build.0 = Release|Any CPU
		{1A4BA734-6741-4D76-A84C-C6C96C6951A0}.Debug|iPhone.ActiveCfg = Debug|Any CPU
		{1A4BA734-6741-4D76-A84C-C6C96C6951A0}.Debug|iPhone.Build.0 = Debug|Any CPU
		{1A4BA734-6741-4D76-A84C-C6C96C6951A0}.Release|iPhone.ActiveCfg = Release|Any CPU
		{1A4BA734-6741-4D76-A84C-C6C96C6951A0}.Release|iPhone.Build.0 = Release|Any CPU
		{F81FB014-A5F9-455E-8AFB-F7DCEC72809C}.Debug|Any CPU.ActiveCfg = Debug|Any CPU
		{F81FB014-A5F9-455E-8AFB-F7DCEC72809C}.Debug|Any CPU.Build.0 = Debug|Any CPU
		{F81FB014-A5F9-455E-8AFB-F7DCEC72809C}.Release|Any CPU.ActiveCfg = Release|Any CPU
		{F81FB014-A5F9-455E-8AFB-F7DCEC72809C}.Release|Any CPU.Build.0 = Release|Any CPU
		{F81FB014-A5F9-455E-8AFB-F7DCEC72809C}.Debug|iPhoneSimulator.ActiveCfg = Debug|Any CPU
		{F81FB014-A5F9-455E-8AFB-F7DCEC72809C}.Debug|iPhoneSimulator.Build.0 = Debug|Any CPU
		{F81FB014-A5F9-455E-8AFB-F7DCEC72809C}.Release|iPhoneSimulator.ActiveCfg = Release|Any CPU
		{F81FB014-A5F9-455E-8AFB-F7DCEC72809C}.Release|iPhoneSimulator.Build.0 = Release|Any CPU
		{F81FB014-A5F9-455E-8AFB-F7DCEC72809C}.Debug|iPhone.ActiveCfg = Debug|Any CPU
		{F81FB014-A5F9-455E-8AFB-F7DCEC72809C}.Debug|iPhone.Build.0 = Debug|Any CPU
		{F81FB014-A5F9-455E-8AFB-F7DCEC72809C}.Release|iPhone.ActiveCfg = Release|Any CPU
		{F81FB014-A5F9-455E-8AFB-F7DCEC72809C}.Release|iPhone.Build.0 = Release|Any CPU
		{A4E743B3-F22D-415D-9D98-2F3562B32208}.Debug|Any CPU.ActiveCfg = Debug|Any CPU
		{A4E743B3-F22D-415D-9D98-2F3562B32208}.Debug|Any CPU.Build.0 = Debug|Any CPU
		{A4E743B3-F22D-415D-9D98-2F3562B32208}.Release|Any CPU.ActiveCfg = Release|Any CPU
		{A4E743B3-F22D-415D-9D98-2F3562B32208}.Release|Any CPU.Build.0 = Release|Any CPU
		{A4E743B3-F22D-415D-9D98-2F3562B32208}.Debug|iPhoneSimulator.ActiveCfg = Debug|Any CPU
		{A4E743B3-F22D-415D-9D98-2F3562B32208}.Debug|iPhoneSimulator.Build.0 = Debug|Any CPU
		{A4E743B3-F22D-415D-9D98-2F3562B32208}.Release|iPhoneSimulator.ActiveCfg = Release|Any CPU
		{A4E743B3-F22D-415D-9D98-2F3562B32208}.Release|iPhoneSimulator.Build.0 = Release|Any CPU
		{A4E743B3-F22D-415D-9D98-2F3562B32208}.Debug|iPhone.ActiveCfg = Debug|Any CPU
		{A4E743B3-F22D-415D-9D98-2F3562B32208}.Debug|iPhone.Build.0 = Debug|Any CPU
		{A4E743B3-F22D-415D-9D98-2F3562B32208}.Release|iPhone.ActiveCfg = Release|Any CPU
		{A4E743B3-F22D-415D-9D98-2F3562B32208}.Release|iPhone.Build.0 = Release|Any CPU
		{C485120C-94F0-4AD5-8586-B971B489BA65}.Debug|Any CPU.ActiveCfg = Debug|Any CPU
		{C485120C-94F0-4AD5-8586-B971B489BA65}.Debug|Any CPU.Build.0 = Debug|Any CPU
		{C485120C-94F0-4AD5-8586-B971B489BA65}.Release|Any CPU.ActiveCfg = Release|Any CPU
		{C485120C-94F0-4AD5-8586-B971B489BA65}.Release|Any CPU.Build.0 = Release|Any CPU
		{C485120C-94F0-4AD5-8586-B971B489BA65}.Debug|iPhoneSimulator.ActiveCfg = Debug|Any CPU
		{C485120C-94F0-4AD5-8586-B971B489BA65}.Debug|iPhoneSimulator.Build.0 = Debug|Any CPU
		{C485120C-94F0-4AD5-8586-B971B489BA65}.Release|iPhoneSimulator.ActiveCfg = Release|Any CPU
		{C485120C-94F0-4AD5-8586-B971B489BA65}.Release|iPhoneSimulator.Build.0 = Release|Any CPU
		{C485120C-94F0-4AD5-8586-B971B489BA65}.Debug|iPhone.ActiveCfg = Debug|Any CPU
		{C485120C-94F0-4AD5-8586-B971B489BA65}.Debug|iPhone.Build.0 = Debug|Any CPU
		{C485120C-94F0-4AD5-8586-B971B489BA65}.Release|iPhone.ActiveCfg = Release|Any CPU
		{C485120C-94F0-4AD5-8586-B971B489BA65}.Release|iPhone.Build.0 = Release|Any CPU
		{0885D713-3A59-4A59-86BE-2855E0B78026}.Debug|Any CPU.ActiveCfg = Debug|Any CPU
		{0885D713-3A59-4A59-86BE-2855E0B78026}.Debug|Any CPU.Build.0 = Debug|Any CPU
		{0885D713-3A59-4A59-86BE-2855E0B78026}.Release|Any CPU.ActiveCfg = Release|Any CPU
		{0885D713-3A59-4A59-86BE-2855E0B78026}.Release|Any CPU.Build.0 = Release|Any CPU
		{0885D713-3A59-4A59-86BE-2855E0B78026}.Debug|iPhoneSimulator.ActiveCfg = Debug|Any CPU
		{0885D713-3A59-4A59-86BE-2855E0B78026}.Debug|iPhoneSimulator.Build.0 = Debug|Any CPU
		{0885D713-3A59-4A59-86BE-2855E0B78026}.Release|iPhoneSimulator.ActiveCfg = Release|Any CPU
		{0885D713-3A59-4A59-86BE-2855E0B78026}.Release|iPhoneSimulator.Build.0 = Release|Any CPU
		{0885D713-3A59-4A59-86BE-2855E0B78026}.Debug|iPhone.ActiveCfg = Debug|Any CPU
		{0885D713-3A59-4A59-86BE-2855E0B78026}.Debug|iPhone.Build.0 = Debug|Any CPU
		{0885D713-3A59-4A59-86BE-2855E0B78026}.Release|iPhone.ActiveCfg = Release|Any CPU
		{0885D713-3A59-4A59-86BE-2855E0B78026}.Release|iPhone.Build.0 = Release|Any CPU
		{2D1D3DCB-8F25-4819-B839-0930FFCC436F}.Debug|Any CPU.ActiveCfg = Debug|Any CPU
		{2D1D3DCB-8F25-4819-B839-0930FFCC436F}.Debug|Any CPU.Build.0 = Debug|Any CPU
		{2D1D3DCB-8F25-4819-B839-0930FFCC436F}.Release|Any CPU.ActiveCfg = Release|Any CPU
		{2D1D3DCB-8F25-4819-B839-0930FFCC436F}.Release|Any CPU.Build.0 = Release|Any CPU
		{2D1D3DCB-8F25-4819-B839-0930FFCC436F}.Debug|iPhoneSimulator.ActiveCfg = Debug|Any CPU
		{2D1D3DCB-8F25-4819-B839-0930FFCC436F}.Debug|iPhoneSimulator.Build.0 = Debug|Any CPU
		{2D1D3DCB-8F25-4819-B839-0930FFCC436F}.Release|iPhoneSimulator.ActiveCfg = Release|Any CPU
		{2D1D3DCB-8F25-4819-B839-0930FFCC436F}.Release|iPhoneSimulator.Build.0 = Release|Any CPU
		{2D1D3DCB-8F25-4819-B839-0930FFCC436F}.Debug|iPhone.ActiveCfg = Debug|Any CPU
		{2D1D3DCB-8F25-4819-B839-0930FFCC436F}.Debug|iPhone.Build.0 = Debug|Any CPU
		{2D1D3DCB-8F25-4819-B839-0930FFCC436F}.Release|iPhone.ActiveCfg = Release|Any CPU
		{2D1D3DCB-8F25-4819-B839-0930FFCC436F}.Release|iPhone.Build.0 = Release|Any CPU
		{495C0FAD-D5DF-419A-9C7A-AA1BCB54F93A}.Debug|Any CPU.ActiveCfg = Debug|Any CPU
		{495C0FAD-D5DF-419A-9C7A-AA1BCB54F93A}.Debug|Any CPU.Build.0 = Debug|Any CPU
		{495C0FAD-D5DF-419A-9C7A-AA1BCB54F93A}.Release|Any CPU.ActiveCfg = Release|Any CPU
		{495C0FAD-D5DF-419A-9C7A-AA1BCB54F93A}.Release|Any CPU.Build.0 = Release|Any CPU
		{495C0FAD-D5DF-419A-9C7A-AA1BCB54F93A}.Debug|iPhoneSimulator.ActiveCfg = Debug|Any CPU
		{495C0FAD-D5DF-419A-9C7A-AA1BCB54F93A}.Debug|iPhoneSimulator.Build.0 = Debug|Any CPU
		{495C0FAD-D5DF-419A-9C7A-AA1BCB54F93A}.Release|iPhoneSimulator.ActiveCfg = Release|Any CPU
		{495C0FAD-D5DF-419A-9C7A-AA1BCB54F93A}.Release|iPhoneSimulator.Build.0 = Release|Any CPU
		{495C0FAD-D5DF-419A-9C7A-AA1BCB54F93A}.Debug|iPhone.ActiveCfg = Debug|Any CPU
		{495C0FAD-D5DF-419A-9C7A-AA1BCB54F93A}.Debug|iPhone.Build.0 = Debug|Any CPU
		{495C0FAD-D5DF-419A-9C7A-AA1BCB54F93A}.Release|iPhone.ActiveCfg = Release|Any CPU
		{495C0FAD-D5DF-419A-9C7A-AA1BCB54F93A}.Release|iPhone.Build.0 = Release|Any CPU
		{BBB98230-CF9E-48D4-B741-83DA8EA8F4D4}.Debug|Any CPU.ActiveCfg = Debug|Any CPU
		{BBB98230-CF9E-48D4-B741-83DA8EA8F4D4}.Debug|Any CPU.Build.0 = Debug|Any CPU
		{BBB98230-CF9E-48D4-B741-83DA8EA8F4D4}.Release|Any CPU.ActiveCfg = Release|Any CPU
		{BBB98230-CF9E-48D4-B741-83DA8EA8F4D4}.Release|Any CPU.Build.0 = Release|Any CPU
		{BBB98230-CF9E-48D4-B741-83DA8EA8F4D4}.Debug|iPhoneSimulator.ActiveCfg = Debug|Any CPU
		{BBB98230-CF9E-48D4-B741-83DA8EA8F4D4}.Debug|iPhoneSimulator.Build.0 = Debug|Any CPU
		{BBB98230-CF9E-48D4-B741-83DA8EA8F4D4}.Release|iPhoneSimulator.ActiveCfg = Release|Any CPU
		{BBB98230-CF9E-48D4-B741-83DA8EA8F4D4}.Release|iPhoneSimulator.Build.0 = Release|Any CPU
		{BBB98230-CF9E-48D4-B741-83DA8EA8F4D4}.Debug|iPhone.ActiveCfg = Debug|Any CPU
		{BBB98230-CF9E-48D4-B741-83DA8EA8F4D4}.Debug|iPhone.Build.0 = Debug|Any CPU
		{BBB98230-CF9E-48D4-B741-83DA8EA8F4D4}.Release|iPhone.ActiveCfg = Release|Any CPU
		{BBB98230-CF9E-48D4-B741-83DA8EA8F4D4}.Release|iPhone.Build.0 = Release|Any CPU
		{3C8D6648-9F6D-4E97-AEE3-ED2199914D03}.Debug|Any CPU.ActiveCfg = Debug|Any CPU
		{3C8D6648-9F6D-4E97-AEE3-ED2199914D03}.Debug|Any CPU.Build.0 = Debug|Any CPU
		{3C8D6648-9F6D-4E97-AEE3-ED2199914D03}.Release|Any CPU.ActiveCfg = Release|Any CPU
		{3C8D6648-9F6D-4E97-AEE3-ED2199914D03}.Release|Any CPU.Build.0 = Release|Any CPU
		{3C8D6648-9F6D-4E97-AEE3-ED2199914D03}.Debug|iPhoneSimulator.ActiveCfg = Debug|Any CPU
		{3C8D6648-9F6D-4E97-AEE3-ED2199914D03}.Debug|iPhoneSimulator.Build.0 = Debug|Any CPU
		{3C8D6648-9F6D-4E97-AEE3-ED2199914D03}.Release|iPhoneSimulator.ActiveCfg = Release|Any CPU
		{3C8D6648-9F6D-4E97-AEE3-ED2199914D03}.Release|iPhoneSimulator.Build.0 = Release|Any CPU
		{3C8D6648-9F6D-4E97-AEE3-ED2199914D03}.Debug|iPhone.ActiveCfg = Debug|Any CPU
		{3C8D6648-9F6D-4E97-AEE3-ED2199914D03}.Debug|iPhone.Build.0 = Debug|Any CPU
		{3C8D6648-9F6D-4E97-AEE3-ED2199914D03}.Release|iPhone.ActiveCfg = Release|Any CPU
		{3C8D6648-9F6D-4E97-AEE3-ED2199914D03}.Release|iPhone.Build.0 = Release|Any CPU
		{4E3E09A7-3C9F-453E-B803-901819538BE9}.Debug|Any CPU.ActiveCfg = Debug|Any CPU
		{4E3E09A7-3C9F-453E-B803-901819538BE9}.Debug|Any CPU.Build.0 = Debug|Any CPU
		{4E3E09A7-3C9F-453E-B803-901819538BE9}.Release|Any CPU.ActiveCfg = Release|Any CPU
		{4E3E09A7-3C9F-453E-B803-901819538BE9}.Release|Any CPU.Build.0 = Release|Any CPU
		{4E3E09A7-3C9F-453E-B803-901819538BE9}.Debug|iPhoneSimulator.ActiveCfg = Debug|Any CPU
		{4E3E09A7-3C9F-453E-B803-901819538BE9}.Debug|iPhoneSimulator.Build.0 = Debug|Any CPU
		{4E3E09A7-3C9F-453E-B803-901819538BE9}.Release|iPhoneSimulator.ActiveCfg = Release|Any CPU
		{4E3E09A7-3C9F-453E-B803-901819538BE9}.Release|iPhoneSimulator.Build.0 = Release|Any CPU
		{4E3E09A7-3C9F-453E-B803-901819538BE9}.Debug|iPhone.ActiveCfg = Debug|Any CPU
		{4E3E09A7-3C9F-453E-B803-901819538BE9}.Debug|iPhone.Build.0 = Debug|Any CPU
		{4E3E09A7-3C9F-453E-B803-901819538BE9}.Release|iPhone.ActiveCfg = Release|Any CPU
		{4E3E09A7-3C9F-453E-B803-901819538BE9}.Release|iPhone.Build.0 = Release|Any CPU
	EndGlobalSection
	GlobalSection(SolutionProperties) = preSolution
		HideSolutionNode = FALSE
	EndGlobalSection
	GlobalSection(ExtensibilityGlobals) = postSolution
		SolutionGuid = {5418893B-303B-4680-99AF-B16A4279FB43}
	EndGlobalSection
	GlobalSection(NestedProjects) = preSolution
		{D5CCB142-5A1C-432E-B807-33DE26AD08A6} = {13B9C6C5-8037-422D-BF76-4080DF067731}
		{C7D33057-ED52-4168-A347-BCC7D5785A44} = {D5CCB142-5A1C-432E-B807-33DE26AD08A6}
		{9D500FA3-27AA-413F-B59E-E4053A51DB1E} = {13B9C6C5-8037-422D-BF76-4080DF067731}
		{E2028777-8C1B-489E-9EFD-477CD3082EA7} = {9D500FA3-27AA-413F-B59E-E4053A51DB1E}
		{429CC795-4485-41D2-8D56-04DAD63245AF} = {9D500FA3-27AA-413F-B59E-E4053A51DB1E}
		{6E00B08A-0837-4785-BC64-B391197B02D9} = {9D500FA3-27AA-413F-B59E-E4053A51DB1E}
		{97F0EBF4-69DF-4766-83A4-046160129880} = {9D500FA3-27AA-413F-B59E-E4053A51DB1E}
		{F7DDD084-65C0-407E-9011-094485F4DEE4} = {625F73F4-3152-43EF-9328-C5D641230FF0}
		{1C60FD68-EB07-4995-81DA-B06D6C8BB04A} = {625F73F4-3152-43EF-9328-C5D641230FF0}
		{5EA9CAF2-2F0E-4C00-B710-3D7152CDA2AF} = {625F73F4-3152-43EF-9328-C5D641230FF0}
		{B9CFFA00-B284-4059-B5CE-4707084A20F4} = {13B9C6C5-8037-422D-BF76-4080DF067731}
		{F75D2764-3141-486C-A0C1-B122DD2B2ABC} = {B9CFFA00-B284-4059-B5CE-4707084A20F4}
		{BB2E3BB8-3011-4E9D-8F04-808BB3F9C8F7} = {13B9C6C5-8037-422D-BF76-4080DF067731}
		{06D910B3-77D1-4C53-A60B-5CBB19CB2BFD} = {BB2E3BB8-3011-4E9D-8F04-808BB3F9C8F7}
		{9917E7A8-1BB8-4BE9-9376-9CB844E17E6F} = {BB2E3BB8-3011-4E9D-8F04-808BB3F9C8F7}
		{273418FD-D731-4C69-ABAB-D5ED34B64603} = {BB2E3BB8-3011-4E9D-8F04-808BB3F9C8F7}
		{258C3A61-64EE-4FDB-80BC-73E85AD82EE3} = {BB2E3BB8-3011-4E9D-8F04-808BB3F9C8F7}
		{50495310-787B-4A5E-9C33-766F79D8C516} = {7119A77A-D182-42A6-ABA1-4F5C4702833C}
		{6EA16FD3-0D17-4D76-8945-E8606C459D5D} = {7119A77A-D182-42A6-ABA1-4F5C4702833C}
		{DA04402E-148F-4276-A0A4-8B7BABC10BC1} = {7119A77A-D182-42A6-ABA1-4F5C4702833C}
		{9219269E-C10E-495E-8722-82D9E767582D} = {13B9C6C5-8037-422D-BF76-4080DF067731}
		{85670688-FB1F-4692-956D-1FDAAF85C72F} = {9219269E-C10E-495E-8722-82D9E767582D}
		{3B0EA754-ED6D-42EC-8586-CBC1EE5180BC} = {9219269E-C10E-495E-8722-82D9E767582D}
		{2E5E913A-CE85-4147-A436-24B437BD2B8B} = {9219269E-C10E-495E-8722-82D9E767582D}
		{743E951F-A399-45C2-8976-148673188467} = {13B9C6C5-8037-422D-BF76-4080DF067731}
		{9024D057-52B3-43F0-975E-8DFE890C8FC4} = {743E951F-A399-45C2-8976-148673188467}
		{1A4BA734-6741-4D76-A84C-C6C96C6951A0} = {BB2E3BB8-3011-4E9D-8F04-808BB3F9C8F7}
		{39A5978D-E1B7-41E3-8805-1BC758D95FF5} = {13B9C6C5-8037-422D-BF76-4080DF067731}
		{F81FB014-A5F9-455E-8AFB-F7DCEC72809C} = {39A5978D-E1B7-41E3-8805-1BC758D95FF5}
		{A4E743B3-F22D-415D-9D98-2F3562B32208} = {D5CCB142-5A1C-432E-B807-33DE26AD08A6}
		{C485120C-94F0-4AD5-8586-B971B489BA65} = {D5CCB142-5A1C-432E-B807-33DE26AD08A6}
		{E4920AE1-4888-4DF9-A0D7-BF1D82C5A80E} = {13B9C6C5-8037-422D-BF76-4080DF067731}
		{199D2970-D956-4092-84E5-8428F141E010} = {13B9C6C5-8037-422D-BF76-4080DF067731}
		{0885D713-3A59-4A59-86BE-2855E0B78026} = {199D2970-D956-4092-84E5-8428F141E010}
		{1A2D4D78-F8A0-49E2-B9E7-0C4B3B577172} = {13B9C6C5-8037-422D-BF76-4080DF067731}
		{71B54BB1-12D4-4582-9EED-CCD59554AE83} = {13B9C6C5-8037-422D-BF76-4080DF067731}
		{460D5E12-F155-4F0C-BD66-76D397A6A29A} = {13B9C6C5-8037-422D-BF76-4080DF067731}
		{3C8D6648-9F6D-4E97-AEE3-ED2199914D03} = {E4920AE1-4888-4DF9-A0D7-BF1D82C5A80E}
		{4E3E09A7-3C9F-453E-B803-901819538BE9} = {1A2D4D78-F8A0-49E2-B9E7-0C4B3B577172}
		{2D1D3DCB-8F25-4819-B839-0930FFCC436F} = {460D5E12-F155-4F0C-BD66-76D397A6A29A}
		{BBB98230-CF9E-48D4-B741-83DA8EA8F4D4} = {460D5E12-F155-4F0C-BD66-76D397A6A29A}
		{495C0FAD-D5DF-419A-9C7A-AA1BCB54F93A} = {460D5E12-F155-4F0C-BD66-76D397A6A29A}
	EndGlobalSection
EndGlobal
