
Microsoft Visual Studio Solution File, Format Version 12.00
# Visual Studio Version 16
VisualStudioVersion = 16.0.808.0
MinimumVisualStudioVersion = 10.0.40219.1
Project("{2150E333-8FDC-42A3-9474-1A3956D46DE8}") = "source", "source", "{13B9C6C5-8037-422D-BF76-4080DF067731}"
EndProject
Project("{2150E333-8FDC-42A3-9474-1A3956D46DE8}") = "sample", "sample", "{625F73F4-3152-43EF-9328-C5D641230FF0}"
EndProject
Project("{2150E333-8FDC-42A3-9474-1A3956D46DE8}") = "Entap.Basic.Core", "Entap.Basic.Core", "{D5CCB142-5A1C-432E-B807-33DE26AD08A6}"
EndProject
Project("{FAE04EC0-301F-11D3-BF4B-00C04F79EFBC}") = "Entap.Basic.Core", "Source\Entap.Basic.Core\Entap.Basic.Core.csproj", "{C7D33057-ED52-4168-A347-BCC7D5785A44}"
EndProject
Project("{2150E333-8FDC-42A3-9474-1A3956D46DE8}") = "Entap.Basic.Forms", "Entap.Basic.Forms", "{9D500FA3-27AA-413F-B59E-E4053A51DB1E}"
EndProject
Project("{FAE04EC0-301F-11D3-BF4B-00C04F79EFBC}") = "Entap.Basic.Forms", "Source\Entap.Basic.Forms\Entap.Basic.Forms\Entap.Basic.Forms.csproj", "{E2028777-8C1B-489E-9EFD-477CD3082EA7}"
EndProject
Project("{FAE04EC0-301F-11D3-BF4B-00C04F79EFBC}") = "Entap.Basic.Forms.iOS", "Source\Entap.Basic.Forms\Entap.Basic.Forms.iOS\Entap.Basic.Forms.iOS.csproj", "{429CC795-4485-41D2-8D56-04DAD63245AF}"
EndProject
Project("{FAE04EC0-301F-11D3-BF4B-00C04F79EFBC}") = "Entap.Basic.Forms.Android", "Source\Entap.Basic.Forms\Entap.Basic.Forms.Android\Entap.Basic.Forms.Android.csproj", "{6E00B08A-0837-4785-BC64-B391197B02D9}"
EndProject
Project("{5DD5E4FA-CB73-4610-85AB-557B54E96AA9}") = "Entap.Basic.Forms.NuGet", "Source\Entap.Basic.Forms\Entap.Basic.Forms.NuGet\Entap.Basic.Forms.NuGet.nuproj", "{97F0EBF4-69DF-4766-83A4-046160129880}"
EndProject
Project("{FAE04EC0-301F-11D3-BF4B-00C04F79EFBC}") = "Sample.Android", "Sample\Sample.Android\Sample.Android.csproj", "{F7DDD084-65C0-407E-9011-094485F4DEE4}"
EndProject
Project("{FAE04EC0-301F-11D3-BF4B-00C04F79EFBC}") = "Sample.iOS", "Sample\Sample.iOS\Sample.iOS.csproj", "{1C60FD68-EB07-4995-81DA-B06D6C8BB04A}"
EndProject
Project("{FAE04EC0-301F-11D3-BF4B-00C04F79EFBC}") = "Sample", "Sample\Sample\Sample.csproj", "{5EA9CAF2-2F0E-4C00-B710-3D7152CDA2AF}"
EndProject
Project("{2150E333-8FDC-42A3-9474-1A3956D46DE8}") = "Entap.Basic.SQLite", "Entap.Basic.SQLite", "{B9CFFA00-B284-4059-B5CE-4707084A20F4}"
EndProject
Project("{FAE04EC0-301F-11D3-BF4B-00C04F79EFBC}") = "Entap.Basic.SQLite", "Source\Entap.Basic.SQLite\Entap.Basic.SQLite.csproj", "{F75D2764-3141-486C-A0C1-B122DD2B2ABC}"
EndProject
Global
	GlobalSection(SolutionConfigurationPlatforms) = preSolution
		Debug|Any CPU = Debug|Any CPU
		Release|Any CPU = Release|Any CPU
		Debug|iPhoneSimulator = Debug|iPhoneSimulator
		Release|iPhoneSimulator = Release|iPhoneSimulator
		Debug|iPhone = Debug|iPhone
		Release|iPhone = Release|iPhone
	EndGlobalSection
	GlobalSection(ProjectConfigurationPlatforms) = postSolution
		{C7D33057-ED52-4168-A347-BCC7D5785A44}.Debug|Any CPU.ActiveCfg = Debug|Any CPU
		{C7D33057-ED52-4168-A347-BCC7D5785A44}.Debug|Any CPU.Build.0 = Debug|Any CPU
		{C7D33057-ED52-4168-A347-BCC7D5785A44}.Release|Any CPU.ActiveCfg = Release|Any CPU
		{C7D33057-ED52-4168-A347-BCC7D5785A44}.Release|Any CPU.Build.0 = Release|Any CPU
		{C7D33057-ED52-4168-A347-BCC7D5785A44}.Debug|iPhoneSimulator.ActiveCfg = Debug|Any CPU
		{C7D33057-ED52-4168-A347-BCC7D5785A44}.Debug|iPhoneSimulator.Build.0 = Debug|Any CPU
		{C7D33057-ED52-4168-A347-BCC7D5785A44}.Release|iPhoneSimulator.ActiveCfg = Release|Any CPU
		{C7D33057-ED52-4168-A347-BCC7D5785A44}.Release|iPhoneSimulator.Build.0 = Release|Any CPU
		{C7D33057-ED52-4168-A347-BCC7D5785A44}.Debug|iPhone.ActiveCfg = Debug|Any CPU
		{C7D33057-ED52-4168-A347-BCC7D5785A44}.Debug|iPhone.Build.0 = Debug|Any CPU
		{C7D33057-ED52-4168-A347-BCC7D5785A44}.Release|iPhone.ActiveCfg = Release|Any CPU
		{C7D33057-ED52-4168-A347-BCC7D5785A44}.Release|iPhone.Build.0 = Release|Any CPU
		{E2028777-8C1B-489E-9EFD-477CD3082EA7}.Debug|Any CPU.ActiveCfg = Debug|Any CPU
		{E2028777-8C1B-489E-9EFD-477CD3082EA7}.Debug|Any CPU.Build.0 = Debug|Any CPU
		{E2028777-8C1B-489E-9EFD-477CD3082EA7}.Release|Any CPU.ActiveCfg = Release|Any CPU
		{E2028777-8C1B-489E-9EFD-477CD3082EA7}.Release|Any CPU.Build.0 = Release|Any CPU
		{E2028777-8C1B-489E-9EFD-477CD3082EA7}.Debug|iPhoneSimulator.ActiveCfg = Debug|Any CPU
		{E2028777-8C1B-489E-9EFD-477CD3082EA7}.Debug|iPhoneSimulator.Build.0 = Debug|Any CPU
		{E2028777-8C1B-489E-9EFD-477CD3082EA7}.Release|iPhoneSimulator.ActiveCfg = Release|Any CPU
		{E2028777-8C1B-489E-9EFD-477CD3082EA7}.Release|iPhoneSimulator.Build.0 = Release|Any CPU
		{E2028777-8C1B-489E-9EFD-477CD3082EA7}.Debug|iPhone.ActiveCfg = Debug|Any CPU
		{E2028777-8C1B-489E-9EFD-477CD3082EA7}.Debug|iPhone.Build.0 = Debug|Any CPU
		{E2028777-8C1B-489E-9EFD-477CD3082EA7}.Release|iPhone.ActiveCfg = Release|Any CPU
		{E2028777-8C1B-489E-9EFD-477CD3082EA7}.Release|iPhone.Build.0 = Release|Any CPU
		{429CC795-4485-41D2-8D56-04DAD63245AF}.Debug|Any CPU.ActiveCfg = Debug|Any CPU
		{429CC795-4485-41D2-8D56-04DAD63245AF}.Debug|Any CPU.Build.0 = Debug|Any CPU
		{429CC795-4485-41D2-8D56-04DAD63245AF}.Release|Any CPU.ActiveCfg = Release|Any CPU
		{429CC795-4485-41D2-8D56-04DAD63245AF}.Release|Any CPU.Build.0 = Release|Any CPU
		{429CC795-4485-41D2-8D56-04DAD63245AF}.Debug|iPhoneSimulator.ActiveCfg = Debug|Any CPU
		{429CC795-4485-41D2-8D56-04DAD63245AF}.Debug|iPhoneSimulator.Build.0 = Debug|Any CPU
		{429CC795-4485-41D2-8D56-04DAD63245AF}.Release|iPhoneSimulator.ActiveCfg = Release|Any CPU
		{429CC795-4485-41D2-8D56-04DAD63245AF}.Release|iPhoneSimulator.Build.0 = Release|Any CPU
		{429CC795-4485-41D2-8D56-04DAD63245AF}.Debug|iPhone.ActiveCfg = Debug|Any CPU
		{429CC795-4485-41D2-8D56-04DAD63245AF}.Debug|iPhone.Build.0 = Debug|Any CPU
		{429CC795-4485-41D2-8D56-04DAD63245AF}.Release|iPhone.ActiveCfg = Release|Any CPU
		{429CC795-4485-41D2-8D56-04DAD63245AF}.Release|iPhone.Build.0 = Release|Any CPU
		{6E00B08A-0837-4785-BC64-B391197B02D9}.Debug|Any CPU.ActiveCfg = Debug|Any CPU
		{6E00B08A-0837-4785-BC64-B391197B02D9}.Debug|Any CPU.Build.0 = Debug|Any CPU
		{6E00B08A-0837-4785-BC64-B391197B02D9}.Release|Any CPU.ActiveCfg = Release|Any CPU
		{6E00B08A-0837-4785-BC64-B391197B02D9}.Release|Any CPU.Build.0 = Release|Any CPU
		{6E00B08A-0837-4785-BC64-B391197B02D9}.Debug|iPhoneSimulator.ActiveCfg = Debug|Any CPU
		{6E00B08A-0837-4785-BC64-B391197B02D9}.Debug|iPhoneSimulator.Build.0 = Debug|Any CPU
		{6E00B08A-0837-4785-BC64-B391197B02D9}.Release|iPhoneSimulator.ActiveCfg = Release|Any CPU
		{6E00B08A-0837-4785-BC64-B391197B02D9}.Release|iPhoneSimulator.Build.0 = Release|Any CPU
		{6E00B08A-0837-4785-BC64-B391197B02D9}.Debug|iPhone.ActiveCfg = Debug|Any CPU
		{6E00B08A-0837-4785-BC64-B391197B02D9}.Debug|iPhone.Build.0 = Debug|Any CPU
		{6E00B08A-0837-4785-BC64-B391197B02D9}.Release|iPhone.ActiveCfg = Release|Any CPU
		{6E00B08A-0837-4785-BC64-B391197B02D9}.Release|iPhone.Build.0 = Release|Any CPU
		{97F0EBF4-69DF-4766-83A4-046160129880}.Debug|Any CPU.ActiveCfg = Debug|Any CPU
		{97F0EBF4-69DF-4766-83A4-046160129880}.Debug|Any CPU.Build.0 = Debug|Any CPU
		{97F0EBF4-69DF-4766-83A4-046160129880}.Release|Any CPU.ActiveCfg = Release|Any CPU
		{97F0EBF4-69DF-4766-83A4-046160129880}.Release|Any CPU.Build.0 = Release|Any CPU
		{97F0EBF4-69DF-4766-83A4-046160129880}.Debug|iPhoneSimulator.ActiveCfg = Debug|Any CPU
		{97F0EBF4-69DF-4766-83A4-046160129880}.Debug|iPhoneSimulator.Build.0 = Debug|Any CPU
		{97F0EBF4-69DF-4766-83A4-046160129880}.Release|iPhoneSimulator.ActiveCfg = Release|Any CPU
		{97F0EBF4-69DF-4766-83A4-046160129880}.Release|iPhoneSimulator.Build.0 = Release|Any CPU
		{97F0EBF4-69DF-4766-83A4-046160129880}.Debug|iPhone.ActiveCfg = Debug|Any CPU
		{97F0EBF4-69DF-4766-83A4-046160129880}.Debug|iPhone.Build.0 = Debug|Any CPU
		{97F0EBF4-69DF-4766-83A4-046160129880}.Release|iPhone.ActiveCfg = Release|Any CPU
		{97F0EBF4-69DF-4766-83A4-046160129880}.Release|iPhone.Build.0 = Release|Any CPU
		{F7DDD084-65C0-407E-9011-094485F4DEE4}.Debug|Any CPU.ActiveCfg = Debug|Any CPU
		{F7DDD084-65C0-407E-9011-094485F4DEE4}.Debug|Any CPU.Build.0 = Debug|Any CPU
		{F7DDD084-65C0-407E-9011-094485F4DEE4}.Release|Any CPU.ActiveCfg = Release|Any CPU
		{F7DDD084-65C0-407E-9011-094485F4DEE4}.Release|Any CPU.Build.0 = Release|Any CPU
		{F7DDD084-65C0-407E-9011-094485F4DEE4}.Debug|iPhoneSimulator.ActiveCfg = Debug|Any CPU
		{F7DDD084-65C0-407E-9011-094485F4DEE4}.Debug|iPhoneSimulator.Build.0 = Debug|Any CPU
		{F7DDD084-65C0-407E-9011-094485F4DEE4}.Release|iPhoneSimulator.ActiveCfg = Release|Any CPU
		{F7DDD084-65C0-407E-9011-094485F4DEE4}.Release|iPhoneSimulator.Build.0 = Release|Any CPU
		{F7DDD084-65C0-407E-9011-094485F4DEE4}.Debug|iPhone.ActiveCfg = Debug|Any CPU
		{F7DDD084-65C0-407E-9011-094485F4DEE4}.Debug|iPhone.Build.0 = Debug|Any CPU
		{F7DDD084-65C0-407E-9011-094485F4DEE4}.Release|iPhone.ActiveCfg = Release|Any CPU
		{F7DDD084-65C0-407E-9011-094485F4DEE4}.Release|iPhone.Build.0 = Release|Any CPU
		{1C60FD68-EB07-4995-81DA-B06D6C8BB04A}.Debug|Any CPU.ActiveCfg = Debug|iPhoneSimulator
		{1C60FD68-EB07-4995-81DA-B06D6C8BB04A}.Debug|Any CPU.Build.0 = Debug|iPhoneSimulator
		{1C60FD68-EB07-4995-81DA-B06D6C8BB04A}.Release|Any CPU.ActiveCfg = Release|iPhoneSimulator
		{1C60FD68-EB07-4995-81DA-B06D6C8BB04A}.Release|Any CPU.Build.0 = Release|iPhoneSimulator
		{1C60FD68-EB07-4995-81DA-B06D6C8BB04A}.Debug|iPhoneSimulator.ActiveCfg = Debug|iPhoneSimulator
		{1C60FD68-EB07-4995-81DA-B06D6C8BB04A}.Debug|iPhoneSimulator.Build.0 = Debug|iPhoneSimulator
		{1C60FD68-EB07-4995-81DA-B06D6C8BB04A}.Release|iPhoneSimulator.ActiveCfg = Release|iPhoneSimulator
		{1C60FD68-EB07-4995-81DA-B06D6C8BB04A}.Release|iPhoneSimulator.Build.0 = Release|iPhoneSimulator
		{1C60FD68-EB07-4995-81DA-B06D6C8BB04A}.Debug|iPhone.ActiveCfg = Debug|iPhone
		{1C60FD68-EB07-4995-81DA-B06D6C8BB04A}.Debug|iPhone.Build.0 = Debug|iPhone
		{1C60FD68-EB07-4995-81DA-B06D6C8BB04A}.Release|iPhone.ActiveCfg = Release|iPhone
		{1C60FD68-EB07-4995-81DA-B06D6C8BB04A}.Release|iPhone.Build.0 = Release|iPhone
		{5EA9CAF2-2F0E-4C00-B710-3D7152CDA2AF}.Debug|Any CPU.ActiveCfg = Debug|Any CPU
		{5EA9CAF2-2F0E-4C00-B710-3D7152CDA2AF}.Debug|Any CPU.Build.0 = Debug|Any CPU
		{5EA9CAF2-2F0E-4C00-B710-3D7152CDA2AF}.Release|Any CPU.ActiveCfg = Release|Any CPU
		{5EA9CAF2-2F0E-4C00-B710-3D7152CDA2AF}.Release|Any CPU.Build.0 = Release|Any CPU
		{5EA9CAF2-2F0E-4C00-B710-3D7152CDA2AF}.Debug|iPhoneSimulator.ActiveCfg = Debug|Any CPU
		{5EA9CAF2-2F0E-4C00-B710-3D7152CDA2AF}.Debug|iPhoneSimulator.Build.0 = Debug|Any CPU
		{5EA9CAF2-2F0E-4C00-B710-3D7152CDA2AF}.Release|iPhoneSimulator.ActiveCfg = Release|Any CPU
		{5EA9CAF2-2F0E-4C00-B710-3D7152CDA2AF}.Release|iPhoneSimulator.Build.0 = Release|Any CPU
		{5EA9CAF2-2F0E-4C00-B710-3D7152CDA2AF}.Debug|iPhone.ActiveCfg = Debug|Any CPU
		{5EA9CAF2-2F0E-4C00-B710-3D7152CDA2AF}.Debug|iPhone.Build.0 = Debug|Any CPU
		{5EA9CAF2-2F0E-4C00-B710-3D7152CDA2AF}.Release|iPhone.ActiveCfg = Release|Any CPU
		{5EA9CAF2-2F0E-4C00-B710-3D7152CDA2AF}.Release|iPhone.Build.0 = Release|Any CPU
		{F75D2764-3141-486C-A0C1-B122DD2B2ABC}.Debug|Any CPU.ActiveCfg = Debug|Any CPU
		{F75D2764-3141-486C-A0C1-B122DD2B2ABC}.Debug|Any CPU.Build.0 = Debug|Any CPU
		{F75D2764-3141-486C-A0C1-B122DD2B2ABC}.Release|Any CPU.ActiveCfg = Release|Any CPU
		{F75D2764-3141-486C-A0C1-B122DD2B2ABC}.Release|Any CPU.Build.0 = Release|Any CPU
		{F75D2764-3141-486C-A0C1-B122DD2B2ABC}.Debug|iPhoneSimulator.ActiveCfg = Debug|Any CPU
		{F75D2764-3141-486C-A0C1-B122DD2B2ABC}.Debug|iPhoneSimulator.Build.0 = Debug|Any CPU
		{F75D2764-3141-486C-A0C1-B122DD2B2ABC}.Release|iPhoneSimulator.ActiveCfg = Release|Any CPU
		{F75D2764-3141-486C-A0C1-B122DD2B2ABC}.Release|iPhoneSimulator.Build.0 = Release|Any CPU
		{F75D2764-3141-486C-A0C1-B122DD2B2ABC}.Debug|iPhone.ActiveCfg = Debug|Any CPU
		{F75D2764-3141-486C-A0C1-B122DD2B2ABC}.Debug|iPhone.Build.0 = Debug|Any CPU
		{F75D2764-3141-486C-A0C1-B122DD2B2ABC}.Release|iPhone.ActiveCfg = Release|Any CPU
		{F75D2764-3141-486C-A0C1-B122DD2B2ABC}.Release|iPhone.Build.0 = Release|Any CPU
	EndGlobalSection
	GlobalSection(SolutionProperties) = preSolution
		HideSolutionNode = FALSE
	EndGlobalSection
	GlobalSection(ExtensibilityGlobals) = postSolution
		SolutionGuid = {5418893B-303B-4680-99AF-B16A4279FB43}
	EndGlobalSection
	GlobalSection(NestedProjects) = preSolution
		{D5CCB142-5A1C-432E-B807-33DE26AD08A6} = {13B9C6C5-8037-422D-BF76-4080DF067731}
		{C7D33057-ED52-4168-A347-BCC7D5785A44} = {D5CCB142-5A1C-432E-B807-33DE26AD08A6}
		{9D500FA3-27AA-413F-B59E-E4053A51DB1E} = {13B9C6C5-8037-422D-BF76-4080DF067731}
		{E2028777-8C1B-489E-9EFD-477CD3082EA7} = {9D500FA3-27AA-413F-B59E-E4053A51DB1E}
		{429CC795-4485-41D2-8D56-04DAD63245AF} = {9D500FA3-27AA-413F-B59E-E4053A51DB1E}
		{6E00B08A-0837-4785-BC64-B391197B02D9} = {9D500FA3-27AA-413F-B59E-E4053A51DB1E}
		{97F0EBF4-69DF-4766-83A4-046160129880} = {9D500FA3-27AA-413F-B59E-E4053A51DB1E}
		{F7DDD084-65C0-407E-9011-094485F4DEE4} = {625F73F4-3152-43EF-9328-C5D641230FF0}
		{1C60FD68-EB07-4995-81DA-B06D6C8BB04A} = {625F73F4-3152-43EF-9328-C5D641230FF0}
		{5EA9CAF2-2F0E-4C00-B710-3D7152CDA2AF} = {625F73F4-3152-43EF-9328-C5D641230FF0}
		{B9CFFA00-B284-4059-B5CE-4707084A20F4} = {13B9C6C5-8037-422D-BF76-4080DF067731}
		{F75D2764-3141-486C-A0C1-B122DD2B2ABC} = {B9CFFA00-B284-4059-B5CE-4707084A20F4}
	EndGlobalSection
EndGlobal
