
Microsoft Visual Studio Solution File, Format Version 12.00
# Visual Studio Version 16
VisualStudioVersion = 16.0.810.16
MinimumVisualStudioVersion = 10.0.40219.1
Project("{FAE04EC0-301F-11D3-BF4B-00C04F79EFBC}") = "Sample.Android", "Sample.Android\Sample.Android.csproj", "{73047C6E-9DE1-4C92-AC52-774402FE4FF2}"
EndProject
Project("{FAE04EC0-301F-11D3-BF4B-00C04F79EFBC}") = "Sample.iOS", "Sample.iOS\Sample.iOS.csproj", "{95E8A318-FCA6-4D8A-81AF-8A7A74BED61B}"
EndProject
Project("{FAE04EC0-301F-11D3-BF4B-00C04F79EFBC}") = "Sample", "Sample\Sample.csproj", "{6030FC71-ADBB-4B1D-8304-64C306A9F141}"
EndProject
Project("{FAE04EC0-301F-11D3-BF4B-00C04F79EFBC}") = "Entap.Basic.BackgroundGeolocation", "Entap.Basic.BackgroundGeolocation\Entap.Basic.BackgroundGeolocation.csproj", "{27D1FA12-A180-4546-A45D-564C18A82D9B}"
EndProject
Global
	GlobalSection(SolutionConfigurationPlatforms) = preSolution
		Debug|Any CPU = Debug|Any CPU
		Release|Any CPU = Release|Any CPU
		Debug|iPhoneSimulator = Debug|iPhoneSimulator
		Release|iPhoneSimulator = Release|iPhoneSimulator
		Debug|iPhone = Debug|iPhone
		Release|iPhone = Release|iPhone
	EndGlobalSection
	GlobalSection(ProjectConfigurationPlatforms) = postSolution
		{73047C6E-9DE1-4C92-AC52-774402FE4FF2}.Debug|Any CPU.ActiveCfg = Debug|Any CPU
		{73047C6E-9DE1-4C92-AC52-774402FE4FF2}.Debug|Any CPU.Build.0 = Debug|Any CPU
		{73047C6E-9DE1-4C92-AC52-774402FE4FF2}.Release|Any CPU.ActiveCfg = Release|Any CPU
		{73047C6E-9DE1-4C92-AC52-774402FE4FF2}.Release|Any CPU.Build.0 = Release|Any CPU
		{73047C6E-9DE1-4C92-AC52-774402FE4FF2}.Debug|iPhoneSimulator.ActiveCfg = Debug|Any CPU
		{73047C6E-9DE1-4C92-AC52-774402FE4FF2}.Debug|iPhoneSimulator.Build.0 = Debug|Any CPU
		{73047C6E-9DE1-4C92-AC52-774402FE4FF2}.Release|iPhoneSimulator.ActiveCfg = Release|Any CPU
		{73047C6E-9DE1-4C92-AC52-774402FE4FF2}.Release|iPhoneSimulator.Build.0 = Release|Any CPU
		{73047C6E-9DE1-4C92-AC52-774402FE4FF2}.Debug|iPhone.ActiveCfg = Debug|Any CPU
		{73047C6E-9DE1-4C92-AC52-774402FE4FF2}.Debug|iPhone.Build.0 = Debug|Any CPU
		{73047C6E-9DE1-4C92-AC52-774402FE4FF2}.Release|iPhone.ActiveCfg = Release|Any CPU
		{73047C6E-9DE1-4C92-AC52-774402FE4FF2}.Release|iPhone.Build.0 = Release|Any CPU
		{95E8A318-FCA6-4D8A-81AF-8A7A74BED61B}.Debug|Any CPU.ActiveCfg = Debug|iPhoneSimulator
		{95E8A318-FCA6-4D8A-81AF-8A7A74BED61B}.Debug|Any CPU.Build.0 = Debug|iPhoneSimulator
		{95E8A318-FCA6-4D8A-81AF-8A7A74BED61B}.Release|Any CPU.ActiveCfg = Release|iPhoneSimulator
		{95E8A318-FCA6-4D8A-81AF-8A7A74BED61B}.Release|Any CPU.Build.0 = Release|iPhoneSimulator
		{95E8A318-FCA6-4D8A-81AF-8A7A74BED61B}.Debug|iPhoneSimulator.ActiveCfg = Debug|iPhoneSimulator
		{95E8A318-FCA6-4D8A-81AF-8A7A74BED61B}.Debug|iPhoneSimulator.Build.0 = Debug|iPhoneSimulator
		{95E8A318-FCA6-4D8A-81AF-8A7A74BED61B}.Release|iPhoneSimulator.ActiveCfg = Release|iPhoneSimulator
		{95E8A318-FCA6-4D8A-81AF-8A7A74BED61B}.Release|iPhoneSimulator.Build.0 = Release|iPhoneSimulator
		{95E8A318-FCA6-4D8A-81AF-8A7A74BED61B}.Debug|iPhone.ActiveCfg = Debug|iPhone
		{95E8A318-FCA6-4D8A-81AF-8A7A74BED61B}.Debug|iPhone.Build.0 = Debug|iPhone
		{95E8A318-FCA6-4D8A-81AF-8A7A74BED61B}.Release|iPhone.ActiveCfg = Release|iPhone
		{95E8A318-FCA6-4D8A-81AF-8A7A74BED61B}.Release|iPhone.Build.0 = Release|iPhone
		{6030FC71-ADBB-4B1D-8304-64C306A9F141}.Debug|Any CPU.ActiveCfg = Debug|Any CPU
		{6030FC71-ADBB-4B1D-8304-64C306A9F141}.Debug|Any CPU.Build.0 = Debug|Any CPU
		{6030FC71-ADBB-4B1D-8304-64C306A9F141}.Release|Any CPU.ActiveCfg = Release|Any CPU
		{6030FC71-ADBB-4B1D-8304-64C306A9F141}.Release|Any CPU.Build.0 = Release|Any CPU
		{6030FC71-ADBB-4B1D-8304-64C306A9F141}.Debug|iPhoneSimulator.ActiveCfg = Debug|Any CPU
		{6030FC71-ADBB-4B1D-8304-64C306A9F141}.Debug|iPhoneSimulator.Build.0 = Debug|Any CPU
		{6030FC71-ADBB-4B1D-8304-64C306A9F141}.Release|iPhoneSimulator.ActiveCfg = Release|Any CPU
		{6030FC71-ADBB-4B1D-8304-64C306A9F141}.Release|iPhoneSimulator.Build.0 = Release|Any CPU
		{6030FC71-ADBB-4B1D-8304-64C306A9F141}.Debug|iPhone.ActiveCfg = Debug|Any CPU
		{6030FC71-ADBB-4B1D-8304-64C306A9F141}.Debug|iPhone.Build.0 = Debug|Any CPU
		{6030FC71-ADBB-4B1D-8304-64C306A9F141}.Release|iPhone.ActiveCfg = Release|Any CPU
		{6030FC71-ADBB-4B1D-8304-64C306A9F141}.Release|iPhone.Build.0 = Release|Any CPU
		{27D1FA12-A180-4546-A45D-564C18A82D9B}.Debug|Any CPU.ActiveCfg = Debug|Any CPU
		{27D1FA12-A180-4546-A45D-564C18A82D9B}.Debug|Any CPU.Build.0 = Debug|Any CPU
		{27D1FA12-A180-4546-A45D-564C18A82D9B}.Release|Any CPU.ActiveCfg = Release|Any CPU
		{27D1FA12-A180-4546-A45D-564C18A82D9B}.Release|Any CPU.Build.0 = Release|Any CPU
		{27D1FA12-A180-4546-A45D-564C18A82D9B}.Debug|iPhoneSimulator.ActiveCfg = Debug|Any CPU
		{27D1FA12-A180-4546-A45D-564C18A82D9B}.Debug|iPhoneSimulator.Build.0 = Debug|Any CPU
		{27D1FA12-A180-4546-A45D-564C18A82D9B}.Release|iPhoneSimulator.ActiveCfg = Release|Any CPU
		{27D1FA12-A180-4546-A45D-564C18A82D9B}.Release|iPhoneSimulator.Build.0 = Release|Any CPU
		{27D1FA12-A180-4546-A45D-564C18A82D9B}.Debug|iPhone.ActiveCfg = Debug|Any CPU
		{27D1FA12-A180-4546-A45D-564C18A82D9B}.Debug|iPhone.Build.0 = Debug|Any CPU
		{27D1FA12-A180-4546-A45D-564C18A82D9B}.Release|iPhone.ActiveCfg = Release|Any CPU
		{27D1FA12-A180-4546-A45D-564C18A82D9B}.Release|iPhone.Build.0 = Release|Any CPU
	EndGlobalSection
	GlobalSection(SolutionProperties) = preSolution
		HideSolutionNode = FALSE
	EndGlobalSection
	GlobalSection(ExtensibilityGlobals) = postSolution
		SolutionGuid = {65629388-DF4C-444D-9D73-ADB02B86E133}
	EndGlobalSection
	GlobalSection(MonoDevelopProperties) = preSolution
		Policies = $0
		$0.DotNetNamingPolicy = $1
	EndGlobalSection
EndGlobal
